// !$*UTF8*$!
{
	archiveVersion = 1;
	classes = {
	};
	objectVersion = 46;
	objects = {

/* Begin PBXBuildFile section */
		4C1C148E183289C700DE8195 /* XCTest.framework in Frameworks */ = {isa = PBXBuildFile; fileRef = 4C45E822182EAF44002F2096 /* XCTest.framework */; };
		4C1C1494183289C700DE8195 /* InfoPlist.strings in Resources */ = {isa = PBXBuildFile; fileRef = 4C1C1492183289C700DE8195 /* InfoPlist.strings */; };
		4C1C1496183289C700DE8195 /* URLMock_Tests.m in Sources */ = {isa = PBXBuildFile; fileRef = 4C1C1495183289C700DE8195 /* URLMock_Tests.m */; };
		4C1C14A4183298F200DE8195 /* UMKMessageCountingProxy.m in Sources */ = {isa = PBXBuildFile; fileRef = 4C1C14A3183298F200DE8195 /* UMKMessageCountingProxy.m */; };
		4C34F62B183346FB00AD2A6D /* UMKTestUtilities.m in Sources */ = {isa = PBXBuildFile; fileRef = 4C34F62A183346FB00AD2A6D /* UMKTestUtilities.m */; };
		4C45E815182EAF44002F2096 /* Foundation.framework in Frameworks */ = {isa = PBXBuildFile; fileRef = 4C45E814182EAF44002F2096 /* Foundation.framework */; };
		4C45E840182EAFCB002F2096 /* UMKMockHTTPMessage.m in Sources */ = {isa = PBXBuildFile; fileRef = 4C45E83B182EAFCB002F2096 /* UMKMockHTTPMessage.m */; };
		4C45E841182EAFCB002F2096 /* UMKMockHTTPRequest.m in Sources */ = {isa = PBXBuildFile; fileRef = 4C45E83D182EAFCB002F2096 /* UMKMockHTTPRequest.m */; };
		4C45E842182EAFCB002F2096 /* UMKMockHTTPResponder.m in Sources */ = {isa = PBXBuildFile; fileRef = 4C45E83F182EAFCB002F2096 /* UMKMockHTTPResponder.m */; };
		4C45E849182EAFEB002F2096 /* UMKURLEncodingUtilities.m in Sources */ = {isa = PBXBuildFile; fileRef = 4C45E846182EAFEB002F2096 /* UMKURLEncodingUtilities.m */; };
		4C45E84A182EAFEB002F2096 /* UMKErrorUtilities.m in Sources */ = {isa = PBXBuildFile; fileRef = 4C45E848182EAFEB002F2096 /* UMKErrorUtilities.m */; };
		4C45E850182EB48B002F2096 /* URLMock.h in Headers */ = {isa = PBXBuildFile; fileRef = 4C45E84B182EB00A002F2096 /* URLMock.h */; settings = {ATTRIBUTES = (Public, ); }; };
		4C45E851182EB48B002F2096 /* UMKMockHTTPMessage.h in Headers */ = {isa = PBXBuildFile; fileRef = 4C45E83A182EAFCB002F2096 /* UMKMockHTTPMessage.h */; settings = {ATTRIBUTES = (Public, ); }; };
		4C45E852182EB48B002F2096 /* UMKMockHTTPRequest.h in Headers */ = {isa = PBXBuildFile; fileRef = 4C45E83C182EAFCB002F2096 /* UMKMockHTTPRequest.h */; settings = {ATTRIBUTES = (Public, ); }; };
		4C45E853182EB48B002F2096 /* UMKMockHTTPResponder.h in Headers */ = {isa = PBXBuildFile; fileRef = 4C45E83E182EAFCB002F2096 /* UMKMockHTTPResponder.h */; settings = {ATTRIBUTES = (Public, ); }; };
		4C45E854182EB48B002F2096 /* UMKURLEncodingUtilities.h in Headers */ = {isa = PBXBuildFile; fileRef = 4C45E84E182EB29D002F2096 /* UMKURLEncodingUtilities.h */; settings = {ATTRIBUTES = (Public, ); }; };
		4C45E855182EB499002F2096 /* UMKErrorUtilities.h in Headers */ = {isa = PBXBuildFile; fileRef = 4C45E847182EAFEB002F2096 /* UMKErrorUtilities.h */; settings = {ATTRIBUTES = (Public, ); }; };
		4C45E85B182EBE12002F2096 /* UMKMockURLProtocol.h in Headers */ = {isa = PBXBuildFile; fileRef = 4C45E859182EBE12002F2096 /* UMKMockURLProtocol.h */; settings = {ATTRIBUTES = (Public, ); }; };
		4C45E85C182EBE12002F2096 /* UMKMockURLProtocol.m in Sources */ = {isa = PBXBuildFile; fileRef = 4C45E85A182EBE12002F2096 /* UMKMockURLProtocol.m */; };
		4C45E8B0182FF1E1002F2096 /* Cocoa.framework in Frameworks */ = {isa = PBXBuildFile; fileRef = 4C45E882182FF1AA002F2096 /* Cocoa.framework */; };
		4C45E8D4182FF24B002F2096 /* UMKMockHTTPMessage.m in Sources */ = {isa = PBXBuildFile; fileRef = 4C45E83B182EAFCB002F2096 /* UMKMockHTTPMessage.m */; };
		4C45E8D5182FF24B002F2096 /* UMKMockHTTPRequest.m in Sources */ = {isa = PBXBuildFile; fileRef = 4C45E83D182EAFCB002F2096 /* UMKMockHTTPRequest.m */; };
		4C45E8D6182FF24B002F2096 /* UMKMockHTTPResponder.m in Sources */ = {isa = PBXBuildFile; fileRef = 4C45E83F182EAFCB002F2096 /* UMKMockHTTPResponder.m */; };
		4C45E8D7182FF24B002F2096 /* UMKMockURLProtocol.m in Sources */ = {isa = PBXBuildFile; fileRef = 4C45E85A182EBE12002F2096 /* UMKMockURLProtocol.m */; };
		4C45E8D8182FF24B002F2096 /* UMKErrorUtilities.m in Sources */ = {isa = PBXBuildFile; fileRef = 4C45E848182EAFEB002F2096 /* UMKErrorUtilities.m */; };
		4C45E8D9182FF24B002F2096 /* UMKURLEncodingUtilities.m in Sources */ = {isa = PBXBuildFile; fileRef = 4C45E846182EAFEB002F2096 /* UMKURLEncodingUtilities.m */; };
		4C45E8DB182FF271002F2096 /* URLMock.h in Headers */ = {isa = PBXBuildFile; fileRef = 4C45E84B182EB00A002F2096 /* URLMock.h */; settings = {ATTRIBUTES = (Public, ); }; };
		4C45E8DC182FF271002F2096 /* UMKMockHTTPMessage.h in Headers */ = {isa = PBXBuildFile; fileRef = 4C45E83A182EAFCB002F2096 /* UMKMockHTTPMessage.h */; settings = {ATTRIBUTES = (Public, ); }; };
		4C45E8DD182FF271002F2096 /* UMKMockHTTPRequest.h in Headers */ = {isa = PBXBuildFile; fileRef = 4C45E83C182EAFCB002F2096 /* UMKMockHTTPRequest.h */; settings = {ATTRIBUTES = (Public, ); }; };
		4C45E8DE182FF271002F2096 /* UMKMockHTTPResponder.h in Headers */ = {isa = PBXBuildFile; fileRef = 4C45E83E182EAFCB002F2096 /* UMKMockHTTPResponder.h */; settings = {ATTRIBUTES = (Public, ); }; };
		4C45E8DF182FF271002F2096 /* UMKMockURLProtocol.h in Headers */ = {isa = PBXBuildFile; fileRef = 4C45E859182EBE12002F2096 /* UMKMockURLProtocol.h */; settings = {ATTRIBUTES = (Public, ); }; };
		4C45E8E0182FF271002F2096 /* UMKURLEncodingUtilities.h in Headers */ = {isa = PBXBuildFile; fileRef = 4C45E84E182EB29D002F2096 /* UMKURLEncodingUtilities.h */; settings = {ATTRIBUTES = (Public, ); }; };
		4C45E8E1182FF28A002F2096 /* UMKErrorUtilities.h in Headers */ = {isa = PBXBuildFile; fileRef = 4C45E847182EAFEB002F2096 /* UMKErrorUtilities.h */; settings = {ATTRIBUTES = (Public, ); }; };
		4C6841A11838173A00BACE61 /* UMKMockHTTPRequestTests.m in Sources */ = {isa = PBXBuildFile; fileRef = 4C6841A01838173A00BACE61 /* UMKMockHTTPRequestTests.m */; };
		4C8AF912185E5B1B001B468E /* OCMock.framework in Frameworks */ = {isa = PBXBuildFile; fileRef = 4C8AF911185E5B1B001B468E /* OCMock.framework */; settings = {ATTRIBUTES = (Weak, ); }; };
		4C8AF916185E6641001B468E /* UMKMockHTTPResponderTests.m in Sources */ = {isa = PBXBuildFile; fileRef = 4C8AF915185E6641001B468E /* UMKMockHTTPResponderTests.m */; };
		4C8F6032186158A900B3B2CB /* UMKURLConnectionDelegateValidator.m in Sources */ = {isa = PBXBuildFile; fileRef = 4C8F6031186158A900B3B2CB /* UMKURLConnectionDelegateValidator.m */; };
		4C8F60341861594B00B3B2CB /* UMKUMKMockURLProtocolTests.m in Sources */ = {isa = PBXBuildFile; fileRef = 4C8F60331861594B00B3B2CB /* UMKUMKMockURLProtocolTests.m */; };
		4CC86F1518354AD500B878D6 /* UMKTestUtilities.h in Headers */ = {isa = PBXBuildFile; fileRef = 4C34F629183346FB00AD2A6D /* UMKTestUtilities.h */; settings = {ATTRIBUTES = (Public, ); }; };
		4CC86F1618354AD600B878D6 /* UMKTestUtilities.h in Headers */ = {isa = PBXBuildFile; fileRef = 4C34F629183346FB00AD2A6D /* UMKTestUtilities.h */; settings = {ATTRIBUTES = (Public, ); }; };
		4CC86F1718354D5200B878D6 /* UMKMessageCountingProxy.h in Headers */ = {isa = PBXBuildFile; fileRef = 4C1C14A2183298F200DE8195 /* UMKMessageCountingProxy.h */; settings = {ATTRIBUTES = (Public, ); }; };
		4CC86F1818354D5200B878D6 /* UMKMessageCountingProxy.h in Headers */ = {isa = PBXBuildFile; fileRef = 4C1C14A2183298F200DE8195 /* UMKMessageCountingProxy.h */; settings = {ATTRIBUTES = (Public, ); }; };
		4CC86F1D1836785100B878D6 /* UMKMockHTTPMessageTests.m in Sources */ = {isa = PBXBuildFile; fileRef = 4CC86F1C1836785100B878D6 /* UMKMockHTTPMessageTests.m */; };
		4CC86F2018367A7A00B878D6 /* UMKTestUtilitiesTests.m in Sources */ = {isa = PBXBuildFile; fileRef = 4CC86F1F18367A7A00B878D6 /* UMKTestUtilitiesTests.m */; };
		4CC86F221836813500B878D6 /* URLMockUtilities.h in Headers */ = {isa = PBXBuildFile; fileRef = 4CC86F211836813500B878D6 /* URLMockUtilities.h */; settings = {ATTRIBUTES = (Public, ); }; };
		4CC86F231836813500B878D6 /* URLMockUtilities.h in Headers */ = {isa = PBXBuildFile; fileRef = 4CC86F211836813500B878D6 /* URLMockUtilities.h */; settings = {ATTRIBUTES = (Public, ); }; };
		4CD82AD5185CF94300825779 /* UMKRandomizedTestCase.m in Sources */ = {isa = PBXBuildFile; fileRef = 4CD82AD4185CF94300825779 /* UMKRandomizedTestCase.m */; };
/* End PBXBuildFile section */

/* Begin PBXContainerItemProxy section */
		4C1C1498183289C700DE8195 /* PBXContainerItemProxy */ = {
			isa = PBXContainerItemProxy;
			containerPortal = 4C45E807182EAEFC002F2096 /* Project object */;
			proxyType = 1;
			remoteGlobalIDString = 4C45E8AE182FF1E1002F2096;
			remoteInfo = "URLMock-OSX";
		};
/* End PBXContainerItemProxy section */

/* Begin PBXCopyFilesBuildPhase section */
		4C45E80F182EAF44002F2096 /* CopyFiles */ = {
			isa = PBXCopyFilesBuildPhase;
			buildActionMask = 2147483647;
			dstPath = "include/$(PRODUCT_NAME)";
			dstSubfolderSpec = 16;
			files = (
			);
			runOnlyForDeploymentPostprocessing = 0;
		};
/* End PBXCopyFilesBuildPhase section */

/* Begin PBXFileReference section */
		4C1C148D183289C700DE8195 /* URLMock Tests.xctest */ = {isa = PBXFileReference; explicitFileType = wrapper.cfbundle; includeInIndex = 0; path = "URLMock Tests.xctest"; sourceTree = BUILT_PRODUCTS_DIR; };
		4C1C1491183289C700DE8195 /* URLMock Tests-Info.plist */ = {isa = PBXFileReference; lastKnownFileType = text.plist.xml; path = "URLMock Tests-Info.plist"; sourceTree = "<group>"; };
		4C1C1493183289C700DE8195 /* en */ = {isa = PBXFileReference; lastKnownFileType = text.plist.strings; name = en; path = en.lproj/InfoPlist.strings; sourceTree = "<group>"; };
		4C1C1495183289C700DE8195 /* URLMock_Tests.m */ = {isa = PBXFileReference; lastKnownFileType = sourcecode.c.objc; path = URLMock_Tests.m; sourceTree = "<group>"; };
		4C1C1497183289C700DE8195 /* URLMock Tests-Prefix.pch */ = {isa = PBXFileReference; lastKnownFileType = sourcecode.c.h; path = "URLMock Tests-Prefix.pch"; sourceTree = "<group>"; };
		4C1C14A2183298F200DE8195 /* UMKMessageCountingProxy.h */ = {isa = PBXFileReference; fileEncoding = 4; lastKnownFileType = sourcecode.c.h; path = UMKMessageCountingProxy.h; sourceTree = "<group>"; };
		4C1C14A3183298F200DE8195 /* UMKMessageCountingProxy.m */ = {isa = PBXFileReference; fileEncoding = 4; lastKnownFileType = sourcecode.c.objc; path = UMKMessageCountingProxy.m; sourceTree = "<group>"; };
		4C34F629183346FB00AD2A6D /* UMKTestUtilities.h */ = {isa = PBXFileReference; fileEncoding = 4; lastKnownFileType = sourcecode.c.h; path = UMKTestUtilities.h; sourceTree = "<group>"; };
		4C34F62A183346FB00AD2A6D /* UMKTestUtilities.m */ = {isa = PBXFileReference; fileEncoding = 4; lastKnownFileType = sourcecode.c.objc; path = UMKTestUtilities.m; sourceTree = "<group>"; };
		4C45E811182EAF44002F2096 /* libURLMock.a */ = {isa = PBXFileReference; explicitFileType = archive.ar; includeInIndex = 0; path = libURLMock.a; sourceTree = BUILT_PRODUCTS_DIR; };
		4C45E814182EAF44002F2096 /* Foundation.framework */ = {isa = PBXFileReference; lastKnownFileType = wrapper.framework; name = Foundation.framework; path = System/Library/Frameworks/Foundation.framework; sourceTree = SDKROOT; };
		4C45E822182EAF44002F2096 /* XCTest.framework */ = {isa = PBXFileReference; lastKnownFileType = wrapper.framework; name = XCTest.framework; path = Library/Frameworks/XCTest.framework; sourceTree = DEVELOPER_DIR; };
		4C45E838182EAFBC002F2096 /* URLMock-Prefix.pch */ = {isa = PBXFileReference; fileEncoding = 4; lastKnownFileType = sourcecode.c.h; path = "URLMock-Prefix.pch"; sourceTree = "<group>"; };
		4C45E83A182EAFCB002F2096 /* UMKMockHTTPMessage.h */ = {isa = PBXFileReference; fileEncoding = 4; lastKnownFileType = sourcecode.c.h; path = UMKMockHTTPMessage.h; sourceTree = "<group>"; };
		4C45E83B182EAFCB002F2096 /* UMKMockHTTPMessage.m */ = {isa = PBXFileReference; fileEncoding = 4; lastKnownFileType = sourcecode.c.objc; path = UMKMockHTTPMessage.m; sourceTree = "<group>"; };
		4C45E83C182EAFCB002F2096 /* UMKMockHTTPRequest.h */ = {isa = PBXFileReference; fileEncoding = 4; lastKnownFileType = sourcecode.c.h; path = UMKMockHTTPRequest.h; sourceTree = "<group>"; };
		4C45E83D182EAFCB002F2096 /* UMKMockHTTPRequest.m */ = {isa = PBXFileReference; fileEncoding = 4; lastKnownFileType = sourcecode.c.objc; path = UMKMockHTTPRequest.m; sourceTree = "<group>"; };
		4C45E83E182EAFCB002F2096 /* UMKMockHTTPResponder.h */ = {isa = PBXFileReference; fileEncoding = 4; lastKnownFileType = sourcecode.c.h; path = UMKMockHTTPResponder.h; sourceTree = "<group>"; };
		4C45E83F182EAFCB002F2096 /* UMKMockHTTPResponder.m */ = {isa = PBXFileReference; fileEncoding = 4; lastKnownFileType = sourcecode.c.objc; path = UMKMockHTTPResponder.m; sourceTree = "<group>"; };
		4C45E846182EAFEB002F2096 /* UMKURLEncodingUtilities.m */ = {isa = PBXFileReference; fileEncoding = 4; lastKnownFileType = sourcecode.c.objc; path = UMKURLEncodingUtilities.m; sourceTree = "<group>"; };
		4C45E847182EAFEB002F2096 /* UMKErrorUtilities.h */ = {isa = PBXFileReference; fileEncoding = 4; lastKnownFileType = sourcecode.c.h; path = UMKErrorUtilities.h; sourceTree = "<group>"; };
		4C45E848182EAFEB002F2096 /* UMKErrorUtilities.m */ = {isa = PBXFileReference; fileEncoding = 4; lastKnownFileType = sourcecode.c.objc; path = UMKErrorUtilities.m; sourceTree = "<group>"; };
		4C45E84B182EB00A002F2096 /* URLMock.h */ = {isa = PBXFileReference; fileEncoding = 4; lastKnownFileType = sourcecode.c.h; path = URLMock.h; sourceTree = "<group>"; };
		4C45E84E182EB29D002F2096 /* UMKURLEncodingUtilities.h */ = {isa = PBXFileReference; fileEncoding = 4; lastKnownFileType = sourcecode.c.h; path = UMKURLEncodingUtilities.h; sourceTree = "<group>"; };
		4C45E859182EBE12002F2096 /* UMKMockURLProtocol.h */ = {isa = PBXFileReference; fileEncoding = 4; lastKnownFileType = sourcecode.c.h; path = UMKMockURLProtocol.h; sourceTree = "<group>"; };
		4C45E85A182EBE12002F2096 /* UMKMockURLProtocol.m */ = {isa = PBXFileReference; fileEncoding = 4; lastKnownFileType = sourcecode.c.objc; path = UMKMockURLProtocol.m; sourceTree = "<group>"; };
		4C45E882182FF1AA002F2096 /* Cocoa.framework */ = {isa = PBXFileReference; lastKnownFileType = wrapper.framework; name = Cocoa.framework; path = System/Library/Frameworks/Cocoa.framework; sourceTree = SDKROOT; };
		4C45E885182FF1AA002F2096 /* Foundation.framework */ = {isa = PBXFileReference; lastKnownFileType = wrapper.framework; name = Foundation.framework; path = System/Library/Frameworks/Foundation.framework; sourceTree = SDKROOT; };
		4C45E886182FF1AA002F2096 /* CoreData.framework */ = {isa = PBXFileReference; lastKnownFileType = wrapper.framework; name = CoreData.framework; path = System/Library/Frameworks/CoreData.framework; sourceTree = SDKROOT; };
		4C45E887182FF1AA002F2096 /* AppKit.framework */ = {isa = PBXFileReference; lastKnownFileType = wrapper.framework; name = AppKit.framework; path = System/Library/Frameworks/AppKit.framework; sourceTree = SDKROOT; };
		4C45E8AF182FF1E1002F2096 /* URLMock.framework */ = {isa = PBXFileReference; explicitFileType = wrapper.framework; includeInIndex = 0; path = URLMock.framework; sourceTree = BUILT_PRODUCTS_DIR; };
		4C45E8E2182FF397002F2096 /* URLMock-Info.plist */ = {isa = PBXFileReference; fileEncoding = 4; lastKnownFileType = text.plist.xml; path = "URLMock-Info.plist"; sourceTree = "<group>"; };
		4C6841A01838173A00BACE61 /* UMKMockHTTPRequestTests.m */ = {isa = PBXFileReference; fileEncoding = 4; lastKnownFileType = sourcecode.c.objc; name = UMKMockHTTPRequestTests.m; path = "Mock Messages/UMKMockHTTPRequestTests.m"; sourceTree = "<group>"; };
		4C8AF911185E5B1B001B468E /* OCMock.framework */ = {isa = PBXFileReference; lastKnownFileType = wrapper.framework; name = OCMock.framework; path = Libraries/OCMock/Source/build/Debug/OCMock.framework; sourceTree = "<group>"; };
		4C8AF913185E5E08001B468E /* libOCMock.a */ = {isa = PBXFileReference; lastKnownFileType = archive.ar; name = libOCMock.a; path = "Libraries/OCMock/Source/build/Debug-iphoneos/libOCMock.a"; sourceTree = "<group>"; };
		4C8AF915185E6641001B468E /* UMKMockHTTPResponderTests.m */ = {isa = PBXFileReference; fileEncoding = 4; lastKnownFileType = sourcecode.c.objc; name = UMKMockHTTPResponderTests.m; path = "Mock Messages/UMKMockHTTPResponderTests.m"; sourceTree = "<group>"; };
		4C8F6030186158A900B3B2CB /* UMKURLConnectionDelegateValidator.h */ = {isa = PBXFileReference; fileEncoding = 4; lastKnownFileType = sourcecode.c.h; path = UMKURLConnectionDelegateValidator.h; sourceTree = "<group>"; };
		4C8F6031186158A900B3B2CB /* UMKURLConnectionDelegateValidator.m */ = {isa = PBXFileReference; fileEncoding = 4; lastKnownFileType = sourcecode.c.objc; path = UMKURLConnectionDelegateValidator.m; sourceTree = "<group>"; };
		4C8F60331861594B00B3B2CB /* UMKUMKMockURLProtocolTests.m */ = {isa = PBXFileReference; fileEncoding = 4; lastKnownFileType = sourcecode.c.objc; name = UMKUMKMockURLProtocolTests.m; path = "Mock URL Protocol/UMKUMKMockURLProtocolTests.m"; sourceTree = "<group>"; };
		4CC86F1C1836785100B878D6 /* UMKMockHTTPMessageTests.m */ = {isa = PBXFileReference; fileEncoding = 4; lastKnownFileType = sourcecode.c.objc; name = UMKMockHTTPMessageTests.m; path = "Mock Messages/UMKMockHTTPMessageTests.m"; sourceTree = "<group>"; };
		4CC86F1F18367A7A00B878D6 /* UMKTestUtilitiesTests.m */ = {isa = PBXFileReference; fileEncoding = 4; lastKnownFileType = sourcecode.c.objc; path = UMKTestUtilitiesTests.m; sourceTree = "<group>"; };
		4CC86F211836813500B878D6 /* URLMockUtilities.h */ = {isa = PBXFileReference; fileEncoding = 4; lastKnownFileType = sourcecode.c.h; path = URLMockUtilities.h; sourceTree = "<group>"; };
		4CD82AD3185CF94300825779 /* UMKRandomizedTestCase.h */ = {isa = PBXFileReference; fileEncoding = 4; lastKnownFileType = sourcecode.c.h; path = UMKRandomizedTestCase.h; sourceTree = "<group>"; };
		4CD82AD4185CF94300825779 /* UMKRandomizedTestCase.m */ = {isa = PBXFileReference; fileEncoding = 4; lastKnownFileType = sourcecode.c.objc; path = UMKRandomizedTestCase.m; sourceTree = "<group>"; };
/* End PBXFileReference section */

/* Begin PBXFrameworksBuildPhase section */
		4C1C148A183289C700DE8195 /* Frameworks */ = {
			isa = PBXFrameworksBuildPhase;
			buildActionMask = 2147483647;
			files = (
				4C1C148E183289C700DE8195 /* XCTest.framework in Frameworks */,
				4C8AF912185E5B1B001B468E /* OCMock.framework in Frameworks */,
			);
			runOnlyForDeploymentPostprocessing = 0;
		};
		4C45E80E182EAF44002F2096 /* Frameworks */ = {
			isa = PBXFrameworksBuildPhase;
			buildActionMask = 2147483647;
			files = (
				4C45E815182EAF44002F2096 /* Foundation.framework in Frameworks */,
			);
			runOnlyForDeploymentPostprocessing = 0;
		};
		4C45E8AB182FF1E1002F2096 /* Frameworks */ = {
			isa = PBXFrameworksBuildPhase;
			buildActionMask = 2147483647;
			files = (
				4C45E8B0182FF1E1002F2096 /* Cocoa.framework in Frameworks */,
			);
			runOnlyForDeploymentPostprocessing = 0;
		};
/* End PBXFrameworksBuildPhase section */

/* Begin PBXGroup section */
		4C1C148F183289C700DE8195 /* URLMock Tests */ = {
			isa = PBXGroup;
			children = (
				4CD82AD3185CF94300825779 /* UMKRandomizedTestCase.h */,
				4CD82AD4185CF94300825779 /* UMKRandomizedTestCase.m */,
				4CD82AD6185D293600825779 /* Helpers */,
				4C951BD7185DF3E2009B6EDA /* Unit Tests */,
				4C8F603518615A0E00B3B2CB /* Integration Tests */,
				4C1C1490183289C700DE8195 /* Supporting Files */,
			);
			path = "URLMock Tests";
			sourceTree = "<group>";
		};
		4C1C1490183289C700DE8195 /* Supporting Files */ = {
			isa = PBXGroup;
			children = (
				4C1C1491183289C700DE8195 /* URLMock Tests-Info.plist */,
				4C1C1492183289C700DE8195 /* InfoPlist.strings */,
				4C1C1497183289C700DE8195 /* URLMock Tests-Prefix.pch */,
			);
			path = "Supporting Files";
			sourceTree = "<group>";
		};
		4C45E806182EAEFC002F2096 = {
			isa = PBXGroup;
			children = (
				4C45E816182EAF44002F2096 /* URLMock */,
				4C1C148F183289C700DE8195 /* URLMock Tests */,
				4C45E813182EAF44002F2096 /* Frameworks */,
				4C45E812182EAF44002F2096 /* Products */,
			);
			sourceTree = "<group>";
		};
		4C45E812182EAF44002F2096 /* Products */ = {
			isa = PBXGroup;
			children = (
				4C45E811182EAF44002F2096 /* libURLMock.a */,
				4C45E8AF182FF1E1002F2096 /* URLMock.framework */,
				4C1C148D183289C700DE8195 /* URLMock Tests.xctest */,
			);
			name = Products;
			sourceTree = "<group>";
		};
		4C45E813182EAF44002F2096 /* Frameworks */ = {
			isa = PBXGroup;
			children = (
				4C8AF913185E5E08001B468E /* libOCMock.a */,
				4C8AF911185E5B1B001B468E /* OCMock.framework */,
				4C45E814182EAF44002F2096 /* Foundation.framework */,
				4C45E822182EAF44002F2096 /* XCTest.framework */,
				4C45E882182FF1AA002F2096 /* Cocoa.framework */,
				4C45E884182FF1AA002F2096 /* Other Frameworks */,
			);
			name = Frameworks;
			sourceTree = "<group>";
		};
		4C45E816182EAF44002F2096 /* URLMock */ = {
			isa = PBXGroup;
			children = (
				4C45E84B182EB00A002F2096 /* URLMock.h */,
				4CC86F211836813500B878D6 /* URLMockUtilities.h */,
				4C45E858182EBDC8002F2096 /* Mock URL Protocol */,
				4C45E839182EAFBD002F2096 /* Mock Messages */,
				4C45E844182EAFDA002F2096 /* Utilities */,
				4C45E817182EAF44002F2096 /* Supporting Files */,
			);
			path = URLMock;
			sourceTree = "<group>";
		};
		4C45E817182EAF44002F2096 /* Supporting Files */ = {
			isa = PBXGroup;
			children = (
				4C45E8E2182FF397002F2096 /* URLMock-Info.plist */,
				4C45E838182EAFBC002F2096 /* URLMock-Prefix.pch */,
			);
			path = "Supporting Files";
			sourceTree = "<group>";
		};
		4C45E839182EAFBD002F2096 /* Mock Messages */ = {
			isa = PBXGroup;
			children = (
				4C45E83A182EAFCB002F2096 /* UMKMockHTTPMessage.h */,
				4C45E83B182EAFCB002F2096 /* UMKMockHTTPMessage.m */,
				4C45E83C182EAFCB002F2096 /* UMKMockHTTPRequest.h */,
				4C45E83D182EAFCB002F2096 /* UMKMockHTTPRequest.m */,
				4C45E83E182EAFCB002F2096 /* UMKMockHTTPResponder.h */,
				4C45E83F182EAFCB002F2096 /* UMKMockHTTPResponder.m */,
			);
			path = "Mock Messages";
			sourceTree = "<group>";
		};
		4C45E844182EAFDA002F2096 /* Utilities */ = {
			isa = PBXGroup;
			children = (
				4C45E84E182EB29D002F2096 /* UMKURLEncodingUtilities.h */,
				4C45E846182EAFEB002F2096 /* UMKURLEncodingUtilities.m */,
				4C45E847182EAFEB002F2096 /* UMKErrorUtilities.h */,
				4C45E848182EAFEB002F2096 /* UMKErrorUtilities.m */,
				4C34F629183346FB00AD2A6D /* UMKTestUtilities.h */,
				4C34F62A183346FB00AD2A6D /* UMKTestUtilities.m */,
				4C1C14A2183298F200DE8195 /* UMKMessageCountingProxy.h */,
				4C1C14A3183298F200DE8195 /* UMKMessageCountingProxy.m */,
			);
			path = Utilities;
			sourceTree = "<group>";
		};
		4C45E858182EBDC8002F2096 /* Mock URL Protocol */ = {
			isa = PBXGroup;
			children = (
				4C45E859182EBE12002F2096 /* UMKMockURLProtocol.h */,
				4C45E85A182EBE12002F2096 /* UMKMockURLProtocol.m */,
			);
			path = "Mock URL Protocol";
			sourceTree = "<group>";
		};
		4C45E884182FF1AA002F2096 /* Other Frameworks */ = {
			isa = PBXGroup;
			children = (
				4C45E885182FF1AA002F2096 /* Foundation.framework */,
				4C45E886182FF1AA002F2096 /* CoreData.framework */,
				4C45E887182FF1AA002F2096 /* AppKit.framework */,
			);
			name = "Other Frameworks";
			sourceTree = "<group>";
		};
		4C8F602F1861576900B3B2CB /* Mock URL Protocol */ = {
			isa = PBXGroup;
			children = (
				4C8F60331861594B00B3B2CB /* UMKUMKMockURLProtocolTests.m */,
			);
			name = "Mock URL Protocol";
			sourceTree = "<group>";
		};
		4C8F603518615A0E00B3B2CB /* Integration Tests */ = {
			isa = PBXGroup;
			children = (
				4C1C1495183289C700DE8195 /* URLMock_Tests.m */,
			);
			name = "Integration Tests";
			sourceTree = "<group>";
		};
		4C951BD7185DF3E2009B6EDA /* Unit Tests */ = {
			isa = PBXGroup;
			children = (
				4C8F602F1861576900B3B2CB /* Mock URL Protocol */,
				4CC86F1B1836783A00B878D6 /* Mock Messages */,
				4CC86F1E18367A5200B878D6 /* Utilities */,
			);
			path = "Unit Tests";
			sourceTree = "<group>";
		};
		4CC86F1B1836783A00B878D6 /* Mock Messages */ = {
			isa = PBXGroup;
			children = (
				4CC86F1C1836785100B878D6 /* UMKMockHTTPMessageTests.m */,
				4C6841A01838173A00BACE61 /* UMKMockHTTPRequestTests.m */,
				4C8AF915185E6641001B468E /* UMKMockHTTPResponderTests.m */,
			);
			name = "Mock Messages";
			sourceTree = "<group>";
		};
		4CC86F1E18367A5200B878D6 /* Utilities */ = {
			isa = PBXGroup;
			children = (
				4CC86F1F18367A7A00B878D6 /* UMKTestUtilitiesTests.m */,
			);
			path = Utilities;
			sourceTree = "<group>";
		};
		4CD82AD6185D293600825779 /* Helpers */ = {
			isa = PBXGroup;
			children = (
				4C8F6030186158A900B3B2CB /* UMKURLConnectionDelegateValidator.h */,
				4C8F6031186158A900B3B2CB /* UMKURLConnectionDelegateValidator.m */,
			);
			path = Helpers;
			sourceTree = "<group>";
		};
/* End PBXGroup section */

/* Begin PBXHeadersBuildPhase section */
		4C45E84F182EB477002F2096 /* Headers */ = {
			isa = PBXHeadersBuildPhase;
			buildActionMask = 2147483647;
			files = (
				4C45E850182EB48B002F2096 /* URLMock.h in Headers */,
				4CC86F1718354D5200B878D6 /* UMKMessageCountingProxy.h in Headers */,
				4CC86F221836813500B878D6 /* URLMockUtilities.h in Headers */,
				4CC86F1618354AD600B878D6 /* UMKTestUtilities.h in Headers */,
				4C45E851182EB48B002F2096 /* UMKMockHTTPMessage.h in Headers */,
				4C45E852182EB48B002F2096 /* UMKMockHTTPRequest.h in Headers */,
				4C45E853182EB48B002F2096 /* UMKMockHTTPResponder.h in Headers */,
				4C45E85B182EBE12002F2096 /* UMKMockURLProtocol.h in Headers */,
				4C45E854182EB48B002F2096 /* UMKURLEncodingUtilities.h in Headers */,
				4C45E855182EB499002F2096 /* UMKErrorUtilities.h in Headers */,
			);
			runOnlyForDeploymentPostprocessing = 0;
		};
		4C45E8AC182FF1E1002F2096 /* Headers */ = {
			isa = PBXHeadersBuildPhase;
			buildActionMask = 2147483647;
			files = (
				4C45E8DB182FF271002F2096 /* URLMock.h in Headers */,
				4CC86F1818354D5200B878D6 /* UMKMessageCountingProxy.h in Headers */,
				4CC86F231836813500B878D6 /* URLMockUtilities.h in Headers */,
				4CC86F1518354AD500B878D6 /* UMKTestUtilities.h in Headers */,
				4C45E8DC182FF271002F2096 /* UMKMockHTTPMessage.h in Headers */,
				4C45E8DD182FF271002F2096 /* UMKMockHTTPRequest.h in Headers */,
				4C45E8DE182FF271002F2096 /* UMKMockHTTPResponder.h in Headers */,
				4C45E8DF182FF271002F2096 /* UMKMockURLProtocol.h in Headers */,
				4C45E8E0182FF271002F2096 /* UMKURLEncodingUtilities.h in Headers */,
				4C45E8E1182FF28A002F2096 /* UMKErrorUtilities.h in Headers */,
			);
			runOnlyForDeploymentPostprocessing = 0;
		};
/* End PBXHeadersBuildPhase section */

/* Begin PBXNativeTarget section */
		4C1C148C183289C700DE8195 /* URLMock Tests */ = {
			isa = PBXNativeTarget;
			buildConfigurationList = 4C1C149C183289C700DE8195 /* Build configuration list for PBXNativeTarget "URLMock Tests" */;
			buildPhases = (
				4C1C1489183289C700DE8195 /* Sources */,
				4C1C148A183289C700DE8195 /* Frameworks */,
				4C1C148B183289C700DE8195 /* Resources */,
			);
			buildRules = (
			);
			dependencies = (
				4C1C1499183289C700DE8195 /* PBXTargetDependency */,
			);
			name = "URLMock Tests";
			productName = "URLMock Tests";
			productReference = 4C1C148D183289C700DE8195 /* URLMock Tests.xctest */;
			productType = "com.apple.product-type.bundle.unit-test";
		};
		4C45E810182EAF44002F2096 /* URLMock (iOS) */ = {
			isa = PBXNativeTarget;
			buildConfigurationList = 4C45E832182EAF44002F2096 /* Build configuration list for PBXNativeTarget "URLMock (iOS)" */;
			buildPhases = (
				4C45E84F182EB477002F2096 /* Headers */,
				4C45E80D182EAF44002F2096 /* Sources */,
				4C45E80E182EAF44002F2096 /* Frameworks */,
				4C45E80F182EAF44002F2096 /* CopyFiles */,
			);
			buildRules = (
			);
			dependencies = (
			);
			name = "URLMock (iOS)";
			productName = URLMock;
			productReference = 4C45E811182EAF44002F2096 /* libURLMock.a */;
			productType = "com.apple.product-type.library.static";
		};
		4C45E8AE182FF1E1002F2096 /* URLMock (OS X) */ = {
			isa = PBXNativeTarget;
			buildConfigurationList = 4C45E8CD182FF1E2002F2096 /* Build configuration list for PBXNativeTarget "URLMock (OS X)" */;
			buildPhases = (
				4C45E8AC182FF1E1002F2096 /* Headers */,
				4C45E8AA182FF1E1002F2096 /* Sources */,
				4C45E8AB182FF1E1002F2096 /* Frameworks */,
				4C45E8AD182FF1E1002F2096 /* Resources */,
			);
			buildRules = (
			);
			dependencies = (
			);
			name = "URLMock (OS X)";
			productName = "URLMock-OSX";
			productReference = 4C45E8AF182FF1E1002F2096 /* URLMock.framework */;
			productType = "com.apple.product-type.framework";
		};
/* End PBXNativeTarget section */

/* Begin PBXProject section */
		4C45E807182EAEFC002F2096 /* Project object */ = {
			isa = PBXProject;
			attributes = {
				CLASSPREFIX = UMK;
				LastUpgradeCheck = 0500;
				ORGANIZATIONNAME = "Prachi Gauriar";
			};
			buildConfigurationList = 4C45E80A182EAEFC002F2096 /* Build configuration list for PBXProject "URLMock" */;
			compatibilityVersion = "Xcode 3.2";
			developmentRegion = English;
			hasScannedForEncodings = 0;
			knownRegions = (
				en,
			);
			mainGroup = 4C45E806182EAEFC002F2096;
			productRefGroup = 4C45E812182EAF44002F2096 /* Products */;
			projectDirPath = "";
			projectRoot = "";
			targets = (
				4C45E810182EAF44002F2096 /* URLMock (iOS) */,
				4C45E8AE182FF1E1002F2096 /* URLMock (OS X) */,
				4C1C148C183289C700DE8195 /* URLMock Tests */,
			);
		};
/* End PBXProject section */

/* Begin PBXResourcesBuildPhase section */
		4C1C148B183289C700DE8195 /* Resources */ = {
			isa = PBXResourcesBuildPhase;
			buildActionMask = 2147483647;
			files = (
				4C1C1494183289C700DE8195 /* InfoPlist.strings in Resources */,
			);
			runOnlyForDeploymentPostprocessing = 0;
		};
		4C45E8AD182FF1E1002F2096 /* Resources */ = {
			isa = PBXResourcesBuildPhase;
			buildActionMask = 2147483647;
			files = (
			);
			runOnlyForDeploymentPostprocessing = 0;
		};
/* End PBXResourcesBuildPhase section */

/* Begin PBXSourcesBuildPhase section */
		4C1C1489183289C700DE8195 /* Sources */ = {
			isa = PBXSourcesBuildPhase;
			buildActionMask = 2147483647;
			files = (
				4CD82AD5185CF94300825779 /* UMKRandomizedTestCase.m in Sources */,
				4C6841A11838173A00BACE61 /* UMKMockHTTPRequestTests.m in Sources */,
				4C8AF916185E6641001B468E /* UMKMockHTTPResponderTests.m in Sources */,
				4C1C1496183289C700DE8195 /* URLMock_Tests.m in Sources */,
				4CC86F2018367A7A00B878D6 /* UMKTestUtilitiesTests.m in Sources */,
				4C8F60341861594B00B3B2CB /* UMKUMKMockURLProtocolTests.m in Sources */,
				4C1C14A4183298F200DE8195 /* UMKMessageCountingProxy.m in Sources */,
				4CC86F1D1836785100B878D6 /* UMKMockHTTPMessageTests.m in Sources */,
				4C34F62B183346FB00AD2A6D /* UMKTestUtilities.m in Sources */,
				4C8F6032186158A900B3B2CB /* UMKURLConnectionDelegateValidator.m in Sources */,
			);
			runOnlyForDeploymentPostprocessing = 0;
		};
		4C45E80D182EAF44002F2096 /* Sources */ = {
			isa = PBXSourcesBuildPhase;
			buildActionMask = 2147483647;
			files = (
				4C45E849182EAFEB002F2096 /* UMKURLEncodingUtilities.m in Sources */,
				4C45E841182EAFCB002F2096 /* UMKMockHTTPRequest.m in Sources */,
				4C45E842182EAFCB002F2096 /* UMKMockHTTPResponder.m in Sources */,
				4C45E840182EAFCB002F2096 /* UMKMockHTTPMessage.m in Sources */,
				4C45E84A182EAFEB002F2096 /* UMKErrorUtilities.m in Sources */,
				4C45E85C182EBE12002F2096 /* UMKMockURLProtocol.m in Sources */,
			);
			runOnlyForDeploymentPostprocessing = 0;
		};
		4C45E8AA182FF1E1002F2096 /* Sources */ = {
			isa = PBXSourcesBuildPhase;
			buildActionMask = 2147483647;
			files = (
				4C45E8D4182FF24B002F2096 /* UMKMockHTTPMessage.m in Sources */,
				4C45E8D5182FF24B002F2096 /* UMKMockHTTPRequest.m in Sources */,
				4C45E8D6182FF24B002F2096 /* UMKMockHTTPResponder.m in Sources */,
				4C45E8D7182FF24B002F2096 /* UMKMockURLProtocol.m in Sources */,
				4C45E8D8182FF24B002F2096 /* UMKErrorUtilities.m in Sources */,
				4C45E8D9182FF24B002F2096 /* UMKURLEncodingUtilities.m in Sources */,
			);
			runOnlyForDeploymentPostprocessing = 0;
		};
/* End PBXSourcesBuildPhase section */

/* Begin PBXTargetDependency section */
		4C1C1499183289C700DE8195 /* PBXTargetDependency */ = {
			isa = PBXTargetDependency;
			target = 4C45E8AE182FF1E1002F2096 /* URLMock (OS X) */;
			targetProxy = 4C1C1498183289C700DE8195 /* PBXContainerItemProxy */;
		};
/* End PBXTargetDependency section */

/* Begin PBXVariantGroup section */
		4C1C1492183289C700DE8195 /* InfoPlist.strings */ = {
			isa = PBXVariantGroup;
			children = (
				4C1C1493183289C700DE8195 /* en */,
			);
			name = InfoPlist.strings;
			sourceTree = "<group>";
		};
/* End PBXVariantGroup section */

/* Begin XCBuildConfiguration section */
		4C1C149A183289C700DE8195 /* Debug */ = {
			isa = XCBuildConfiguration;
			buildSettings = {
				ALWAYS_SEARCH_USER_PATHS = NO;
				BUNDLE_LOADER = "$(BUILT_PRODUCTS_DIR)/URLMock.framework/Versions/A/URLMock";
				CLANG_CXX_LANGUAGE_STANDARD = "gnu++0x";
				CLANG_CXX_LIBRARY = "libc++";
				CLANG_ENABLE_OBJC_ARC = YES;
				CLANG_WARN_BOOL_CONVERSION = YES;
				CLANG_WARN_CONSTANT_CONVERSION = YES;
				CLANG_WARN_DIRECT_OBJC_ISA_USAGE = YES_ERROR;
				CLANG_WARN_EMPTY_BODY = YES;
				CLANG_WARN_ENUM_CONVERSION = YES;
				CLANG_WARN_INT_CONVERSION = YES;
				CLANG_WARN_OBJC_ROOT_CLASS = YES_ERROR;
				CLANG_WARN__DUPLICATE_METHOD_MATCH = YES;
				COPY_PHASE_STRIP = NO;
				FRAMEWORK_SEARCH_PATHS = (
					"$(DEVELOPER_FRAMEWORKS_DIR)",
					"$(inherited)",
				);
				GCC_C_LANGUAGE_STANDARD = gnu99;
				GCC_DYNAMIC_NO_PIC = NO;
				GCC_ENABLE_OBJC_EXCEPTIONS = YES;
				GCC_OPTIMIZATION_LEVEL = 0;
				GCC_PRECOMPILE_PREFIX_HEADER = YES;
				GCC_PREFIX_HEADER = "$SRCROOT/$TARGET_NAME/Supporting Files/URLMock Tests-Prefix.pch";
				GCC_PREPROCESSOR_DEFINITIONS = (
					"DEBUG=1",
					"$(inherited)",
				);
				GCC_SYMBOLS_PRIVATE_EXTERN = NO;
				GCC_WARN_64_TO_32_BIT_CONVERSION = YES;
				GCC_WARN_ABOUT_RETURN_TYPE = YES_ERROR;
				GCC_WARN_UNDECLARED_SELECTOR = YES;
				GCC_WARN_UNINITIALIZED_AUTOS = YES;
				GCC_WARN_UNUSED_FUNCTION = YES;
				GCC_WARN_UNUSED_VARIABLE = YES;
				INFOPLIST_FILE = "$SRCROOT/$TARGET_NAME/Supporting Files/URLMock Tests-Info.plist";
				MACOSX_DEPLOYMENT_TARGET = 10.9;
				ONLY_ACTIVE_ARCH = YES;
				PRODUCT_NAME = "$(TARGET_NAME)";
				SDKROOT = macosx;
				TEST_HOST = "$(BUNDLE_LOADER)";
				WRAPPER_EXTENSION = xctest;
			};
			name = Debug;
		};
		4C1C149B183289C700DE8195 /* Release */ = {
			isa = XCBuildConfiguration;
			buildSettings = {
				ALWAYS_SEARCH_USER_PATHS = NO;
				BUNDLE_LOADER = "$(BUILT_PRODUCTS_DIR)/URLMock.framework/Versions/A/URLMock";
				CLANG_CXX_LANGUAGE_STANDARD = "gnu++0x";
				CLANG_CXX_LIBRARY = "libc++";
				CLANG_ENABLE_OBJC_ARC = YES;
				CLANG_WARN_BOOL_CONVERSION = YES;
				CLANG_WARN_CONSTANT_CONVERSION = YES;
				CLANG_WARN_DIRECT_OBJC_ISA_USAGE = YES_ERROR;
				CLANG_WARN_EMPTY_BODY = YES;
				CLANG_WARN_ENUM_CONVERSION = YES;
				CLANG_WARN_INT_CONVERSION = YES;
				CLANG_WARN_OBJC_ROOT_CLASS = YES_ERROR;
				CLANG_WARN__DUPLICATE_METHOD_MATCH = YES;
				COPY_PHASE_STRIP = YES;
				DEBUG_INFORMATION_FORMAT = "dwarf-with-dsym";
				ENABLE_NS_ASSERTIONS = NO;
				FRAMEWORK_SEARCH_PATHS = (
					"$(DEVELOPER_FRAMEWORKS_DIR)",
					"$(inherited)",
				);
				GCC_C_LANGUAGE_STANDARD = gnu99;
				GCC_ENABLE_OBJC_EXCEPTIONS = YES;
				GCC_PRECOMPILE_PREFIX_HEADER = YES;
				GCC_PREFIX_HEADER = "$SRCROOT/$TARGET_NAME/Supporting Files/URLMock Tests-Prefix.pch";
				GCC_WARN_64_TO_32_BIT_CONVERSION = YES;
				GCC_WARN_ABOUT_RETURN_TYPE = YES_ERROR;
				GCC_WARN_UNDECLARED_SELECTOR = YES;
				GCC_WARN_UNINITIALIZED_AUTOS = YES;
				GCC_WARN_UNUSED_FUNCTION = YES;
				GCC_WARN_UNUSED_VARIABLE = YES;
				INFOPLIST_FILE = "$SRCROOT/$TARGET_NAME/Supporting Files/URLMock Tests-Info.plist";
				MACOSX_DEPLOYMENT_TARGET = 10.9;
				PRODUCT_NAME = "$(TARGET_NAME)";
				SDKROOT = macosx;
				TEST_HOST = "$(BUNDLE_LOADER)";
				WRAPPER_EXTENSION = xctest;
			};
			name = Release;
		};
		4C45E80B182EAEFC002F2096 /* Debug */ = {
			isa = XCBuildConfiguration;
			buildSettings = {
			};
			name = Debug;
		};
		4C45E80C182EAEFC002F2096 /* Release */ = {
			isa = XCBuildConfiguration;
			buildSettings = {
			};
			name = Release;
		};
		4C45E833182EAF44002F2096 /* Debug */ = {
			isa = XCBuildConfiguration;
			buildSettings = {
				ALWAYS_SEARCH_USER_PATHS = NO;
				ARCHS = "$(ARCHS_STANDARD_INCLUDING_64_BIT)";
				CLANG_CXX_LANGUAGE_STANDARD = "gnu++0x";
				CLANG_CXX_LIBRARY = "libc++";
				CLANG_ENABLE_MODULES = YES;
				CLANG_ENABLE_OBJC_ARC = YES;
				CLANG_WARN_BOOL_CONVERSION = YES;
				CLANG_WARN_CONSTANT_CONVERSION = YES;
				CLANG_WARN_DIRECT_OBJC_ISA_USAGE = YES_ERROR;
				CLANG_WARN_DOCUMENTATION_COMMENTS = YES;
				CLANG_WARN_EMPTY_BODY = YES;
				CLANG_WARN_ENUM_CONVERSION = YES;
				CLANG_WARN_INT_CONVERSION = YES;
				CLANG_WARN_OBJC_ROOT_CLASS = YES_ERROR;
				CLANG_WARN__DUPLICATE_METHOD_MATCH = YES;
				COPY_PHASE_STRIP = NO;
				DSTROOT = /tmp/URLMock.dst;
				GCC_C_LANGUAGE_STANDARD = gnu99;
				GCC_DYNAMIC_NO_PIC = NO;
				GCC_OPTIMIZATION_LEVEL = 0;
				GCC_PRECOMPILE_PREFIX_HEADER = YES;
				GCC_PREFIX_HEADER = "URLMock/Supporting Files/URLMock-Prefix.pch";
				GCC_PREPROCESSOR_DEFINITIONS = (
					"DEBUG=1",
					"$(inherited)",
				);
				GCC_SYMBOLS_PRIVATE_EXTERN = NO;
				GCC_WARN_64_TO_32_BIT_CONVERSION = YES;
				GCC_WARN_ABOUT_RETURN_TYPE = YES_ERROR;
				GCC_WARN_UNDECLARED_SELECTOR = YES;
				GCC_WARN_UNINITIALIZED_AUTOS = YES;
				GCC_WARN_UNUSED_FUNCTION = YES;
				GCC_WARN_UNUSED_VARIABLE = YES;
				IPHONEOS_DEPLOYMENT_TARGET = 7.0;
				ONLY_ACTIVE_ARCH = YES;
				OTHER_LDFLAGS = "-ObjC";
				PRODUCT_NAME = URLMock;
				SDKROOT = iphoneos;
				SKIP_INSTALL = YES;
			};
			name = Debug;
		};
		4C45E834182EAF44002F2096 /* Release */ = {
			isa = XCBuildConfiguration;
			buildSettings = {
				ALWAYS_SEARCH_USER_PATHS = NO;
				ARCHS = "$(ARCHS_STANDARD_INCLUDING_64_BIT)";
				CLANG_CXX_LANGUAGE_STANDARD = "gnu++0x";
				CLANG_CXX_LIBRARY = "libc++";
				CLANG_ENABLE_MODULES = YES;
				CLANG_ENABLE_OBJC_ARC = YES;
				CLANG_WARN_BOOL_CONVERSION = YES;
				CLANG_WARN_CONSTANT_CONVERSION = YES;
				CLANG_WARN_DIRECT_OBJC_ISA_USAGE = YES_ERROR;
				CLANG_WARN_DOCUMENTATION_COMMENTS = YES;
				CLANG_WARN_EMPTY_BODY = YES;
				CLANG_WARN_ENUM_CONVERSION = YES;
				CLANG_WARN_INT_CONVERSION = YES;
				CLANG_WARN_OBJC_ROOT_CLASS = YES_ERROR;
				CLANG_WARN__DUPLICATE_METHOD_MATCH = YES;
				COPY_PHASE_STRIP = YES;
				DSTROOT = /tmp/URLMock.dst;
				ENABLE_NS_ASSERTIONS = NO;
				GCC_C_LANGUAGE_STANDARD = gnu99;
				GCC_PRECOMPILE_PREFIX_HEADER = YES;
				GCC_PREFIX_HEADER = "URLMock/Supporting Files/URLMock-Prefix.pch";
				GCC_WARN_64_TO_32_BIT_CONVERSION = YES;
				GCC_WARN_ABOUT_RETURN_TYPE = YES_ERROR;
				GCC_WARN_UNDECLARED_SELECTOR = YES;
				GCC_WARN_UNINITIALIZED_AUTOS = YES;
				GCC_WARN_UNUSED_FUNCTION = YES;
				GCC_WARN_UNUSED_VARIABLE = YES;
				IPHONEOS_DEPLOYMENT_TARGET = 7.0;
				OTHER_LDFLAGS = "-ObjC";
				PRODUCT_NAME = URLMock;
				SDKROOT = iphoneos;
				SKIP_INSTALL = YES;
				VALIDATE_PRODUCT = YES;
			};
			name = Release;
		};
		4C45E8CE182FF1E2002F2096 /* Debug */ = {
			isa = XCBuildConfiguration;
			buildSettings = {
				ALWAYS_SEARCH_USER_PATHS = NO;
				CLANG_CXX_LANGUAGE_STANDARD = "gnu++0x";
				CLANG_CXX_LIBRARY = "libc++";
				CLANG_ENABLE_OBJC_ARC = YES;
				CLANG_WARN_BOOL_CONVERSION = YES;
				CLANG_WARN_CONSTANT_CONVERSION = YES;
				CLANG_WARN_DIRECT_OBJC_ISA_USAGE = YES_ERROR;
				CLANG_WARN_EMPTY_BODY = YES;
				CLANG_WARN_ENUM_CONVERSION = YES;
				CLANG_WARN_INT_CONVERSION = YES;
				CLANG_WARN_OBJC_ROOT_CLASS = YES_ERROR;
				CLANG_WARN__DUPLICATE_METHOD_MATCH = YES;
				COMBINE_HIDPI_IMAGES = YES;
				COPY_PHASE_STRIP = NO;
				DYLIB_COMPATIBILITY_VERSION = 1;
				DYLIB_CURRENT_VERSION = 1;
				FRAMEWORK_VERSION = A;
				GCC_C_LANGUAGE_STANDARD = gnu99;
				GCC_DYNAMIC_NO_PIC = NO;
				GCC_ENABLE_OBJC_EXCEPTIONS = YES;
				GCC_OPTIMIZATION_LEVEL = 0;
				GCC_PRECOMPILE_PREFIX_HEADER = YES;
				GCC_PREFIX_HEADER = "URLMock/Supporting Files/URLMock-Prefix.pch";
				GCC_PREPROCESSOR_DEFINITIONS = (
					"DEBUG=1",
					"$(inherited)",
				);
				GCC_SYMBOLS_PRIVATE_EXTERN = NO;
				GCC_WARN_64_TO_32_BIT_CONVERSION = YES;
				GCC_WARN_ABOUT_RETURN_TYPE = YES_ERROR;
				GCC_WARN_UNDECLARED_SELECTOR = YES;
				GCC_WARN_UNINITIALIZED_AUTOS = YES;
				GCC_WARN_UNUSED_FUNCTION = YES;
				GCC_WARN_UNUSED_VARIABLE = YES;
				INFOPLIST_FILE = "URLMock/Supporting Files/URLMock-Info.plist";
				MACOSX_DEPLOYMENT_TARGET = 10.9;
				ONLY_ACTIVE_ARCH = YES;
				PRODUCT_NAME = URLMock;
				SDKROOT = macosx;
				WRAPPER_EXTENSION = framework;
			};
			name = Debug;
		};
		4C45E8CF182FF1E2002F2096 /* Release */ = {
			isa = XCBuildConfiguration;
			buildSettings = {
				ALWAYS_SEARCH_USER_PATHS = NO;
				CLANG_CXX_LANGUAGE_STANDARD = "gnu++0x";
				CLANG_CXX_LIBRARY = "libc++";
				CLANG_ENABLE_OBJC_ARC = YES;
				CLANG_WARN_BOOL_CONVERSION = YES;
				CLANG_WARN_CONSTANT_CONVERSION = YES;
				CLANG_WARN_DIRECT_OBJC_ISA_USAGE = YES_ERROR;
				CLANG_WARN_EMPTY_BODY = YES;
				CLANG_WARN_ENUM_CONVERSION = YES;
				CLANG_WARN_INT_CONVERSION = YES;
				CLANG_WARN_OBJC_ROOT_CLASS = YES_ERROR;
				CLANG_WARN__DUPLICATE_METHOD_MATCH = YES;
				COMBINE_HIDPI_IMAGES = YES;
				COPY_PHASE_STRIP = YES;
				DEBUG_INFORMATION_FORMAT = "dwarf-with-dsym";
				DYLIB_COMPATIBILITY_VERSION = 1;
				DYLIB_CURRENT_VERSION = 1;
				ENABLE_NS_ASSERTIONS = NO;
				FRAMEWORK_VERSION = A;
				GCC_C_LANGUAGE_STANDARD = gnu99;
				GCC_ENABLE_OBJC_EXCEPTIONS = YES;
				GCC_PRECOMPILE_PREFIX_HEADER = YES;
				GCC_PREFIX_HEADER = "URLMock/Supporting Files/URLMock-Prefix.pch";
				GCC_WARN_64_TO_32_BIT_CONVERSION = YES;
				GCC_WARN_ABOUT_RETURN_TYPE = YES_ERROR;
				GCC_WARN_UNDECLARED_SELECTOR = YES;
				GCC_WARN_UNINITIALIZED_AUTOS = YES;
				GCC_WARN_UNUSED_FUNCTION = YES;
				GCC_WARN_UNUSED_VARIABLE = YES;
				INFOPLIST_FILE = "URLMock/Supporting Files/URLMock-Info.plist";
				MACOSX_DEPLOYMENT_TARGET = 10.9;
				PRODUCT_NAME = URLMock;
				SDKROOT = macosx;
				WRAPPER_EXTENSION = framework;
			};
			name = Release;
		};
/* End XCBuildConfiguration section */

/* Begin XCConfigurationList section */
		4C1C149C183289C700DE8195 /* Build configuration list for PBXNativeTarget "URLMock Tests" */ = {
			isa = XCConfigurationList;
			buildConfigurations = (
				4C1C149A183289C700DE8195 /* Debug */,
				4C1C149B183289C700DE8195 /* Release */,
			);
			defaultConfigurationIsVisible = 0;
			defaultConfigurationName = Release;
		};
		4C45E80A182EAEFC002F2096 /* Build configuration list for PBXProject "URLMock" */ = {
			isa = XCConfigurationList;
			buildConfigurations = (
				4C45E80B182EAEFC002F2096 /* Debug */,
				4C45E80C182EAEFC002F2096 /* Release */,
			);
			defaultConfigurationIsVisible = 0;
			defaultConfigurationName = Release;
		};
		4C45E832182EAF44002F2096 /* Build configuration list for PBXNativeTarget "URLMock (iOS)" */ = {
			isa = XCConfigurationList;
			buildConfigurations = (
				4C45E833182EAF44002F2096 /* Debug */,
				4C45E834182EAF44002F2096 /* Release */,
			);
			defaultConfigurationIsVisible = 0;
			defaultConfigurationName = Release;
		};
		4C45E8CD182FF1E2002F2096 /* Build configuration list for PBXNativeTarget "URLMock (OS X)" */ = {
			isa = XCConfigurationList;
			buildConfigurations = (
				4C45E8CE182FF1E2002F2096 /* Debug */,
				4C45E8CF182FF1E2002F2096 /* Release */,
			);
			defaultConfigurationIsVisible = 0;
			defaultConfigurationName = Release;
		};
/* End XCConfigurationList section */
	};
	rootObject = 4C45E807182EAEFC002F2096 /* Project object */;
}
